// !$*UTF8*$!
{
	archiveVersion = 1;
	classes = {
	};
	objectVersion = 55;
	objects = {

/* Begin PBXBuildFile section */
		6BBC759B28A2D690007F85A1 /* AppDelegate.swift in Sources */ = {isa = PBXBuildFile; fileRef = 6BBC759A28A2D690007F85A1 /* AppDelegate.swift */; };
		6BBC759D28A2D690007F85A1 /* SceneDelegate.swift in Sources */ = {isa = PBXBuildFile; fileRef = 6BBC759C28A2D690007F85A1 /* SceneDelegate.swift */; };
		6BBC759F28A2D690007F85A1 /* ViewController.swift in Sources */ = {isa = PBXBuildFile; fileRef = 6BBC759E28A2D690007F85A1 /* ViewController.swift */; };
		6BBC75A228A2D690007F85A1 /* Main.storyboard in Resources */ = {isa = PBXBuildFile; fileRef = 6BBC75A028A2D690007F85A1 /* Main.storyboard */; };
		6BBC75A428A2D69B007F85A1 /* Assets.xcassets in Resources */ = {isa = PBXBuildFile; fileRef = 6BBC75A328A2D69B007F85A1 /* Assets.xcassets */; };
		6BBC75A728A2D69B007F85A1 /* LaunchScreen.storyboard in Resources */ = {isa = PBXBuildFile; fileRef = 6BBC75A528A2D69B007F85A1 /* LaunchScreen.storyboard */; };
		6BBC75B228A2D69D007F85A1 /* collectiontempTests.swift in Sources */ = {isa = PBXBuildFile; fileRef = 6BBC75B128A2D69D007F85A1 /* collectiontempTests.swift */; };
		6BBC75BC28A2D69D007F85A1 /* collectiontempUITests.swift in Sources */ = {isa = PBXBuildFile; fileRef = 6BBC75BB28A2D69D007F85A1 /* collectiontempUITests.swift */; };
		6BBC75BE28A2D69D007F85A1 /* collectiontempUITestsLaunchTests.swift in Sources */ = {isa = PBXBuildFile; fileRef = 6BBC75BD28A2D69D007F85A1 /* collectiontempUITestsLaunchTests.swift */; };
		6BBC75CB28A2DC1B007F85A1 /* tempCollectionViewCell.swift in Sources */ = {isa = PBXBuildFile; fileRef = 6BBC75CA28A2DC1B007F85A1 /* tempCollectionViewCell.swift */; };
/* End PBXBuildFile section */

/* Begin PBXContainerItemProxy section */
		6BBC75AE28A2D69D007F85A1 /* PBXContainerItemProxy */ = {
			isa = PBXContainerItemProxy;
			containerPortal = 6BBC758F28A2D690007F85A1 /* Project object */;
			proxyType = 1;
			remoteGlobalIDString = 6BBC759628A2D690007F85A1;
			remoteInfo = collectiontemp;
		};
		6BBC75B828A2D69D007F85A1 /* PBXContainerItemProxy */ = {
			isa = PBXContainerItemProxy;
			containerPortal = 6BBC758F28A2D690007F85A1 /* Project object */;
			proxyType = 1;
			remoteGlobalIDString = 6BBC759628A2D690007F85A1;
			remoteInfo = collectiontemp;
		};
/* End PBXContainerItemProxy section */

/* Begin PBXFileReference section */
		6BBC759728A2D690007F85A1 /* collectiontemp.app */ = {isa = PBXFileReference; explicitFileType = wrapper.application; includeInIndex = 0; path = collectiontemp.app; sourceTree = BUILT_PRODUCTS_DIR; };
		6BBC759A28A2D690007F85A1 /* AppDelegate.swift */ = {isa = PBXFileReference; lastKnownFileType = sourcecode.swift; path = AppDelegate.swift; sourceTree = "<group>"; };
		6BBC759C28A2D690007F85A1 /* SceneDelegate.swift */ = {isa = PBXFileReference; lastKnownFileType = sourcecode.swift; path = SceneDelegate.swift; sourceTree = "<group>"; };
		6BBC759E28A2D690007F85A1 /* ViewController.swift */ = {isa = PBXFileReference; lastKnownFileType = sourcecode.swift; path = ViewController.swift; sourceTree = "<group>"; };
		6BBC75A128A2D690007F85A1 /* Base */ = {isa = PBXFileReference; lastKnownFileType = file.storyboard; name = Base; path = Base.lproj/Main.storyboard; sourceTree = "<group>"; };
		6BBC75A328A2D69B007F85A1 /* Assets.xcassets */ = {isa = PBXFileReference; lastKnownFileType = folder.assetcatalog; path = Assets.xcassets; sourceTree = "<group>"; };
		6BBC75A628A2D69B007F85A1 /* Base */ = {isa = PBXFileReference; lastKnownFileType = file.storyboard; name = Base; path = Base.lproj/LaunchScreen.storyboard; sourceTree = "<group>"; };
		6BBC75A828A2D69B007F85A1 /* Info.plist */ = {isa = PBXFileReference; lastKnownFileType = text.plist.xml; path = Info.plist; sourceTree = "<group>"; };
		6BBC75AD28A2D69D007F85A1 /* collectiontempTests.xctest */ = {isa = PBXFileReference; explicitFileType = wrapper.cfbundle; includeInIndex = 0; path = collectiontempTests.xctest; sourceTree = BUILT_PRODUCTS_DIR; };
		6BBC75B128A2D69D007F85A1 /* collectiontempTests.swift */ = {isa = PBXFileReference; lastKnownFileType = sourcecode.swift; path = collectiontempTests.swift; sourceTree = "<group>"; };
		6BBC75B728A2D69D007F85A1 /* collectiontempUITests.xctest */ = {isa = PBXFileReference; explicitFileType = wrapper.cfbundle; includeInIndex = 0; path = collectiontempUITests.xctest; sourceTree = BUILT_PRODUCTS_DIR; };
		6BBC75BB28A2D69D007F85A1 /* collectiontempUITests.swift */ = {isa = PBXFileReference; lastKnownFileType = sourcecode.swift; path = collectiontempUITests.swift; sourceTree = "<group>"; };
		6BBC75BD28A2D69D007F85A1 /* collectiontempUITestsLaunchTests.swift */ = {isa = PBXFileReference; lastKnownFileType = sourcecode.swift; path = collectiontempUITestsLaunchTests.swift; sourceTree = "<group>"; };
		6BBC75CA28A2DC1B007F85A1 /* tempCollectionViewCell.swift */ = {isa = PBXFileReference; lastKnownFileType = sourcecode.swift; path = tempCollectionViewCell.swift; sourceTree = "<group>"; };
/* End PBXFileReference section */

/* Begin PBXFrameworksBuildPhase section */
		6BBC759428A2D690007F85A1 /* Frameworks */ = {
			isa = PBXFrameworksBuildPhase;
			buildActionMask = 2147483647;
			files = (
			);
			runOnlyForDeploymentPostprocessing = 0;
		};
		6BBC75AA28A2D69D007F85A1 /* Frameworks */ = {
			isa = PBXFrameworksBuildPhase;
			buildActionMask = 2147483647;
			files = (
			);
			runOnlyForDeploymentPostprocessing = 0;
		};
		6BBC75B428A2D69D007F85A1 /* Frameworks */ = {
			isa = PBXFrameworksBuildPhase;
			buildActionMask = 2147483647;
			files = (
			);
			runOnlyForDeploymentPostprocessing = 0;
		};
/* End PBXFrameworksBuildPhase section */

/* Begin PBXGroup section */
		6BBC758E28A2D690007F85A1 = {
			isa = PBXGroup;
			children = (
				6BBC759928A2D690007F85A1 /* collectiontemp */,
				6BBC75B028A2D69D007F85A1 /* collectiontempTests */,
				6BBC75BA28A2D69D007F85A1 /* collectiontempUITests */,
				6BBC759828A2D690007F85A1 /* Products */,
			);
			sourceTree = "<group>";
		};
		6BBC759828A2D690007F85A1 /* Products */ = {
			isa = PBXGroup;
			children = (
				6BBC759728A2D690007F85A1 /* collectiontemp.app */,
				6BBC75AD28A2D69D007F85A1 /* collectiontempTests.xctest */,
				6BBC75B728A2D69D007F85A1 /* collectiontempUITests.xctest */,
			);
			name = Products;
			sourceTree = "<group>";
		};
		6BBC759928A2D690007F85A1 /* collectiontemp */ = {
			isa = PBXGroup;
			children = (
				6BBC759A28A2D690007F85A1 /* AppDelegate.swift */,
				6BBC759C28A2D690007F85A1 /* SceneDelegate.swift */,
				6BBC759E28A2D690007F85A1 /* ViewController.swift */,
				6BBC75CA28A2DC1B007F85A1 /* tempCollectionViewCell.swift */,
				6BBC75A028A2D690007F85A1 /* Main.storyboard */,
				6BBC75A328A2D69B007F85A1 /* Assets.xcassets */,
				6BBC75A528A2D69B007F85A1 /* LaunchScreen.storyboard */,
				6BBC75A828A2D69B007F85A1 /* Info.plist */,
			);
			path = collectiontemp;
			sourceTree = "<group>";
		};
		6BBC75B028A2D69D007F85A1 /* collectiontempTests */ = {
			isa = PBXGroup;
			children = (
				6BBC75B128A2D69D007F85A1 /* collectiontempTests.swift */,
			);
			path = collectiontempTests;
			sourceTree = "<group>";
		};
		6BBC75BA28A2D69D007F85A1 /* collectiontempUITests */ = {
			isa = PBXGroup;
			children = (
				6BBC75BB28A2D69D007F85A1 /* collectiontempUITests.swift */,
				6BBC75BD28A2D69D007F85A1 /* collectiontempUITestsLaunchTests.swift */,
			);
			path = collectiontempUITests;
			sourceTree = "<group>";
		};
/* End PBXGroup section */

/* Begin PBXNativeTarget section */
		6BBC759628A2D690007F85A1 /* collectiontemp */ = {
			isa = PBXNativeTarget;
			buildConfigurationList = 6BBC75C128A2D69D007F85A1 /* Build configuration list for PBXNativeTarget "collectiontemp" */;
			buildPhases = (
				6BBC759328A2D690007F85A1 /* Sources */,
				6BBC759428A2D690007F85A1 /* Frameworks */,
				6BBC759528A2D690007F85A1 /* Resources */,
			);
			buildRules = (
			);
			dependencies = (
			);
			name = collectiontemp;
			productName = collectiontemp;
			productReference = 6BBC759728A2D690007F85A1 /* collectiontemp.app */;
			productType = "com.apple.product-type.application";
		};
		6BBC75AC28A2D69D007F85A1 /* collectiontempTests */ = {
			isa = PBXNativeTarget;
			buildConfigurationList = 6BBC75C428A2D69D007F85A1 /* Build configuration list for PBXNativeTarget "collectiontempTests" */;
			buildPhases = (
				6BBC75A928A2D69D007F85A1 /* Sources */,
				6BBC75AA28A2D69D007F85A1 /* Frameworks */,
				6BBC75AB28A2D69D007F85A1 /* Resources */,
			);
			buildRules = (
			);
			dependencies = (
				6BBC75AF28A2D69D007F85A1 /* PBXTargetDependency */,
			);
			name = collectiontempTests;
			productName = collectiontempTests;
			productReference = 6BBC75AD28A2D69D007F85A1 /* collectiontempTests.xctest */;
			productType = "com.apple.product-type.bundle.unit-test";
		};
		6BBC75B628A2D69D007F85A1 /* collectiontempUITests */ = {
			isa = PBXNativeTarget;
			buildConfigurationList = 6BBC75C728A2D69D007F85A1 /* Build configuration list for PBXNativeTarget "collectiontempUITests" */;
			buildPhases = (
				6BBC75B328A2D69D007F85A1 /* Sources */,
				6BBC75B428A2D69D007F85A1 /* Frameworks */,
				6BBC75B528A2D69D007F85A1 /* Resources */,
			);
			buildRules = (
			);
			dependencies = (
				6BBC75B928A2D69D007F85A1 /* PBXTargetDependency */,
			);
			name = collectiontempUITests;
			productName = collectiontempUITests;
			productReference = 6BBC75B728A2D69D007F85A1 /* collectiontempUITests.xctest */;
			productType = "com.apple.product-type.bundle.ui-testing";
		};
/* End PBXNativeTarget section */

/* Begin PBXProject section */
		6BBC758F28A2D690007F85A1 /* Project object */ = {
			isa = PBXProject;
			attributes = {
				BuildIndependentTargetsInParallel = 1;
				LastSwiftUpdateCheck = 1340;
				LastUpgradeCheck = 1340;
				TargetAttributes = {
					6BBC759628A2D690007F85A1 = {
						CreatedOnToolsVersion = 13.4.1;
					};
					6BBC75AC28A2D69D007F85A1 = {
						CreatedOnToolsVersion = 13.4.1;
						TestTargetID = 6BBC759628A2D690007F85A1;
					};
					6BBC75B628A2D69D007F85A1 = {
						CreatedOnToolsVersion = 13.4.1;
						TestTargetID = 6BBC759628A2D690007F85A1;
					};
				};
			};
			buildConfigurationList = 6BBC759228A2D690007F85A1 /* Build configuration list for PBXProject "collectiontemp" */;
			compatibilityVersion = "Xcode 13.0";
			developmentRegion = en;
			hasScannedForEncodings = 0;
			knownRegions = (
				en,
				Base,
			);
			mainGroup = 6BBC758E28A2D690007F85A1;
			productRefGroup = 6BBC759828A2D690007F85A1 /* Products */;
			projectDirPath = "";
			projectRoot = "";
			targets = (
				6BBC759628A2D690007F85A1 /* collectiontemp */,
				6BBC75AC28A2D69D007F85A1 /* collectiontempTests */,
				6BBC75B628A2D69D007F85A1 /* collectiontempUITests */,
			);
		};
/* End PBXProject section */

/* Begin PBXResourcesBuildPhase section */
		6BBC759528A2D690007F85A1 /* Resources */ = {
			isa = PBXResourcesBuildPhase;
			buildActionMask = 2147483647;
			files = (
				6BBC75A728A2D69B007F85A1 /* LaunchScreen.storyboard in Resources */,
				6BBC75A428A2D69B007F85A1 /* Assets.xcassets in Resources */,
				6BBC75A228A2D690007F85A1 /* Main.storyboard in Resources */,
			);
			runOnlyForDeploymentPostprocessing = 0;
		};
		6BBC75AB28A2D69D007F85A1 /* Resources */ = {
			isa = PBXResourcesBuildPhase;
			buildActionMask = 2147483647;
			files = (
			);
			runOnlyForDeploymentPostprocessing = 0;
		};
		6BBC75B528A2D69D007F85A1 /* Resources */ = {
			isa = PBXResourcesBuildPhase;
			buildActionMask = 2147483647;
			files = (
			);
			runOnlyForDeploymentPostprocessing = 0;
		};
/* End PBXResourcesBuildPhase section */

/* Begin PBXSourcesBuildPhase section */
		6BBC759328A2D690007F85A1 /* Sources */ = {
			isa = PBXSourcesBuildPhase;
			buildActionMask = 2147483647;
			files = (
				6BBC75CB28A2DC1B007F85A1 /* tempCollectionViewCell.swift in Sources */,
				6BBC759F28A2D690007F85A1 /* ViewController.swift in Sources */,
				6BBC759B28A2D690007F85A1 /* AppDelegate.swift in Sources */,
				6BBC759D28A2D690007F85A1 /* SceneDelegate.swift in Sources */,
			);
			runOnlyForDeploymentPostprocessing = 0;
		};
		6BBC75A928A2D69D007F85A1 /* Sources */ = {
			isa = PBXSourcesBuildPhase;
			buildActionMask = 2147483647;
			files = (
				6BBC75B228A2D69D007F85A1 /* collectiontempTests.swift in Sources */,
			);
			runOnlyForDeploymentPostprocessing = 0;
		};
		6BBC75B328A2D69D007F85A1 /* Sources */ = {
			isa = PBXSourcesBuildPhase;
			buildActionMask = 2147483647;
			files = (
				6BBC75BE28A2D69D007F85A1 /* collectiontempUITestsLaunchTests.swift in Sources */,
				6BBC75BC28A2D69D007F85A1 /* collectiontempUITests.swift in Sources */,
			);
			runOnlyForDeploymentPostprocessing = 0;
		};
/* End PBXSourcesBuildPhase section */

/* Begin PBXTargetDependency section */
		6BBC75AF28A2D69D007F85A1 /* PBXTargetDependency */ = {
			isa = PBXTargetDependency;
			target = 6BBC759628A2D690007F85A1 /* collectiontemp */;
			targetProxy = 6BBC75AE28A2D69D007F85A1 /* PBXContainerItemProxy */;
		};
		6BBC75B928A2D69D007F85A1 /* PBXTargetDependency */ = {
			isa = PBXTargetDependency;
			target = 6BBC759628A2D690007F85A1 /* collectiontemp */;
			targetProxy = 6BBC75B828A2D69D007F85A1 /* PBXContainerItemProxy */;
		};
/* End PBXTargetDependency section */

/* Begin PBXVariantGroup section */
		6BBC75A028A2D690007F85A1 /* Main.storyboard */ = {
			isa = PBXVariantGroup;
			children = (
				6BBC75A128A2D690007F85A1 /* Base */,
			);
			name = Main.storyboard;
			sourceTree = "<group>";
		};
		6BBC75A528A2D69B007F85A1 /* LaunchScreen.storyboard */ = {
			isa = PBXVariantGroup;
			children = (
				6BBC75A628A2D69B007F85A1 /* Base */,
			);
			name = LaunchScreen.storyboard;
			sourceTree = "<group>";
		};
/* End PBXVariantGroup section */

/* Begin XCBuildConfiguration section */
		6BBC75BF28A2D69D007F85A1 /* Debug */ = {
			isa = XCBuildConfiguration;
			buildSettings = {
				ALWAYS_SEARCH_USER_PATHS = NO;
				CLANG_ANALYZER_NONNULL = YES;
				CLANG_ANALYZER_NUMBER_OBJECT_CONVERSION = YES_AGGRESSIVE;
				CLANG_CXX_LANGUAGE_STANDARD = "gnu++17";
				CLANG_ENABLE_MODULES = YES;
				CLANG_ENABLE_OBJC_ARC = YES;
				CLANG_ENABLE_OBJC_WEAK = YES;
				CLANG_WARN_BLOCK_CAPTURE_AUTORELEASING = YES;
				CLANG_WARN_BOOL_CONVERSION = YES;
				CLANG_WARN_COMMA = YES;
				CLANG_WARN_CONSTANT_CONVERSION = YES;
				CLANG_WARN_DEPRECATED_OBJC_IMPLEMENTATIONS = YES;
				CLANG_WARN_DIRECT_OBJC_ISA_USAGE = YES_ERROR;
				CLANG_WARN_DOCUMENTATION_COMMENTS = YES;
				CLANG_WARN_EMPTY_BODY = YES;
				CLANG_WARN_ENUM_CONVERSION = YES;
				CLANG_WARN_INFINITE_RECURSION = YES;
				CLANG_WARN_INT_CONVERSION = YES;
				CLANG_WARN_NON_LITERAL_NULL_CONVERSION = YES;
				CLANG_WARN_OBJC_IMPLICIT_RETAIN_SELF = YES;
				CLANG_WARN_OBJC_LITERAL_CONVERSION = YES;
				CLANG_WARN_OBJC_ROOT_CLASS = YES_ERROR;
				CLANG_WARN_QUOTED_INCLUDE_IN_FRAMEWORK_HEADER = YES;
				CLANG_WARN_RANGE_LOOP_ANALYSIS = YES;
				CLANG_WARN_STRICT_PROTOTYPES = YES;
				CLANG_WARN_SUSPICIOUS_MOVE = YES;
				CLANG_WARN_UNGUARDED_AVAILABILITY = YES_AGGRESSIVE;
				CLANG_WARN_UNREACHABLE_CODE = YES;
				CLANG_WARN__DUPLICATE_METHOD_MATCH = YES;
				COPY_PHASE_STRIP = NO;
				DEBUG_INFORMATION_FORMAT = dwarf;
				ENABLE_STRICT_OBJC_MSGSEND = YES;
				ENABLE_TESTABILITY = YES;
				GCC_C_LANGUAGE_STANDARD = gnu11;
				GCC_DYNAMIC_NO_PIC = NO;
				GCC_NO_COMMON_BLOCKS = YES;
				GCC_OPTIMIZATION_LEVEL = 0;
				GCC_PREPROCESSOR_DEFINITIONS = (
					"DEBUG=1",
					"$(inherited)",
				);
				GCC_WARN_64_TO_32_BIT_CONVERSION = YES;
				GCC_WARN_ABOUT_RETURN_TYPE = YES_ERROR;
				GCC_WARN_UNDECLARED_SELECTOR = YES;
				GCC_WARN_UNINITIALIZED_AUTOS = YES_AGGRESSIVE;
				GCC_WARN_UNUSED_FUNCTION = YES;
				GCC_WARN_UNUSED_VARIABLE = YES;
				IPHONEOS_DEPLOYMENT_TARGET = 15.5;
				MTL_ENABLE_DEBUG_INFO = INCLUDE_SOURCE;
				MTL_FAST_MATH = YES;
				ONLY_ACTIVE_ARCH = YES;
				SDKROOT = iphoneos;
				SWIFT_ACTIVE_COMPILATION_CONDITIONS = DEBUG;
				SWIFT_OPTIMIZATION_LEVEL = "-Onone";
			};
			name = Debug;
		};
		6BBC75C028A2D69D007F85A1 /* Release */ = {
			isa = XCBuildConfiguration;
			buildSettings = {
				ALWAYS_SEARCH_USER_PATHS = NO;
				CLANG_ANALYZER_NONNULL = YES;
				CLANG_ANALYZER_NUMBER_OBJECT_CONVERSION = YES_AGGRESSIVE;
				CLANG_CXX_LANGUAGE_STANDARD = "gnu++17";
				CLANG_ENABLE_MODULES = YES;
				CLANG_ENABLE_OBJC_ARC = YES;
				CLANG_ENABLE_OBJC_WEAK = YES;
				CLANG_WARN_BLOCK_CAPTURE_AUTORELEASING = YES;
				CLANG_WARN_BOOL_CONVERSION = YES;
				CLANG_WARN_COMMA = YES;
				CLANG_WARN_CONSTANT_CONVERSION = YES;
				CLANG_WARN_DEPRECATED_OBJC_IMPLEMENTATIONS = YES;
				CLANG_WARN_DIRECT_OBJC_ISA_USAGE = YES_ERROR;
				CLANG_WARN_DOCUMENTATION_COMMENTS = YES;
				CLANG_WARN_EMPTY_BODY = YES;
				CLANG_WARN_ENUM_CONVERSION = YES;
				CLANG_WARN_INFINITE_RECURSION = YES;
				CLANG_WARN_INT_CONVERSION = YES;
				CLANG_WARN_NON_LITERAL_NULL_CONVERSION = YES;
				CLANG_WARN_OBJC_IMPLICIT_RETAIN_SELF = YES;
				CLANG_WARN_OBJC_LITERAL_CONVERSION = YES;
				CLANG_WARN_OBJC_ROOT_CLASS = YES_ERROR;
				CLANG_WARN_QUOTED_INCLUDE_IN_FRAMEWORK_HEADER = YES;
				CLANG_WARN_RANGE_LOOP_ANALYSIS = YES;
				CLANG_WARN_STRICT_PROTOTYPES = YES;
				CLANG_WARN_SUSPICIOUS_MOVE = YES;
				CLANG_WARN_UNGUARDED_AVAILABILITY = YES_AGGRESSIVE;
				CLANG_WARN_UNREACHABLE_CODE = YES;
				CLANG_WARN__DUPLICATE_METHOD_MATCH = YES;
				COPY_PHASE_STRIP = NO;
				DEBUG_INFORMATION_FORMAT = "dwarf-with-dsym";
				ENABLE_NS_ASSERTIONS = NO;
				ENABLE_STRICT_OBJC_MSGSEND = YES;
				GCC_C_LANGUAGE_STANDARD = gnu11;
				GCC_NO_COMMON_BLOCKS = YES;
				GCC_WARN_64_TO_32_BIT_CONVERSION = YES;
				GCC_WARN_ABOUT_RETURN_TYPE = YES_ERROR;
				GCC_WARN_UNDECLARED_SELECTOR = YES;
				GCC_WARN_UNINITIALIZED_AUTOS = YES_AGGRESSIVE;
				GCC_WARN_UNUSED_FUNCTION = YES;
				GCC_WARN_UNUSED_VARIABLE = YES;
				IPHONEOS_DEPLOYMENT_TARGET = 15.5;
				MTL_ENABLE_DEBUG_INFO = NO;
				MTL_FAST_MATH = YES;
				SDKROOT = iphoneos;
				SWIFT_COMPILATION_MODE = wholemodule;
				SWIFT_OPTIMIZATION_LEVEL = "-O";
				VALIDATE_PRODUCT = YES;
			};
			name = Release;
		};
		6BBC75C228A2D69D007F85A1 /* Debug */ = {
			isa = XCBuildConfiguration;
			buildSettings = {
				ASSETCATALOG_COMPILER_APPICON_NAME = AppIcon;
				ASSETCATALOG_COMPILER_GLOBAL_ACCENT_COLOR_NAME = AccentColor;
				CODE_SIGN_STYLE = Automatic;
				CURRENT_PROJECT_VERSION = 1;
				GENERATE_INFOPLIST_FILE = YES;
				INFOPLIST_FILE = collectiontemp/Info.plist;
				INFOPLIST_KEY_UIApplicationSupportsIndirectInputEvents = YES;
				INFOPLIST_KEY_UILaunchStoryboardName = LaunchScreen;
				INFOPLIST_KEY_UIMainStoryboardFile = Main;
				INFOPLIST_KEY_UISupportedInterfaceOrientations_iPad = "UIInterfaceOrientationPortrait UIInterfaceOrientationPortraitUpsideDown UIInterfaceOrientationLandscapeLeft UIInterfaceOrientationLandscapeRight";
				INFOPLIST_KEY_UISupportedInterfaceOrientations_iPhone = "UIInterfaceOrientationPortrait UIInterfaceOrientationLandscapeLeft UIInterfaceOrientationLandscapeRight";
				LD_RUNPATH_SEARCH_PATHS = (
					"$(inherited)",
					"@executable_path/Frameworks",
				);
				MARKETING_VERSION = 1.0;
				PRODUCT_BUNDLE_IDENTIFIER = com.krishna.collectiontemp;
				PRODUCT_NAME = "$(TARGET_NAME)";
				SWIFT_EMIT_LOC_STRINGS = YES;
				SWIFT_VERSION = 5.0;
				TARGETED_DEVICE_FAMILY = "1,2";
			};
			name = Debug;
		};
		6BBC75C328A2D69D007F85A1 /* Release */ = {
			isa = XCBuildConfiguration;
			buildSettings = {
				ASSETCATALOG_COMPILER_APPICON_NAME = AppIcon;
				ASSETCATALOG_COMPILER_GLOBAL_ACCENT_COLOR_NAME = AccentColor;
				CODE_SIGN_STYLE = Automatic;
				CURRENT_PROJECT_VERSION = 1;
				GENERATE_INFOPLIST_FILE = YES;
				INFOPLIST_FILE = collectiontemp/Info.plist;
				INFOPLIST_KEY_UIApplicationSupportsIndirectInputEvents = YES;
				INFOPLIST_KEY_UILaunchStoryboardName = LaunchScreen;
				INFOPLIST_KEY_UIMainStoryboardFile = Main;
				INFOPLIST_KEY_UISupportedInterfaceOrientations_iPad = "UIInterfaceOrientationPortrait UIInterfaceOrientationPortraitUpsideDown UIInterfaceOrientationLandscapeLeft UIInterfaceOrientationLandscapeRight";
				INFOPLIST_KEY_UISupportedInterfaceOrientations_iPhone = "UIInterfaceOrientationPortrait UIInterfaceOrientationLandscapeLeft UIInterfaceOrientationLandscapeRight";
				LD_RUNPATH_SEARCH_PATHS = (
					"$(inherited)",
					"@executable_path/Frameworks",
				);
				MARKETING_VERSION = 1.0;
				PRODUCT_BUNDLE_IDENTIFIER = com.krishna.collectiontemp;
				PRODUCT_NAME = "$(TARGET_NAME)";
				SWIFT_EMIT_LOC_STRINGS = YES;
				SWIFT_VERSION = 5.0;
				TARGETED_DEVICE_FAMILY = "1,2";
			};
			name = Release;
		};
		6BBC75C528A2D69D007F85A1 /* Debug */ = {
			isa = XCBuildConfiguration;
			buildSettings = {
				ALWAYS_EMBED_SWIFT_STANDARD_LIBRARIES = YES;
				BUNDLE_LOADER = "$(TEST_HOST)";
				CODE_SIGN_STYLE = Automatic;
				CURRENT_PROJECT_VERSION = 1;
				GENERATE_INFOPLIST_FILE = YES;
				IPHONEOS_DEPLOYMENT_TARGET = 15.5;
				MARKETING_VERSION = 1.0;
				PRODUCT_BUNDLE_IDENTIFIER = com.krishna.collectiontempTests;
				PRODUCT_NAME = "$(TARGET_NAME)";
				SWIFT_EMIT_LOC_STRINGS = NO;
				SWIFT_VERSION = 5.0;
				TARGETED_DEVICE_FAMILY = "1,2";
				TEST_HOST = "$(BUILT_PRODUCTS_DIR)/collectiontemp.app/collectiontemp";
			};
			name = Debug;
		};
		6BBC75C628A2D69D007F85A1 /* Release */ = {
			isa = XCBuildConfiguration;
			buildSettings = {
				ALWAYS_EMBED_SWIFT_STANDARD_LIBRARIES = YES;
				BUNDLE_LOADER = "$(TEST_HOST)";
				CODE_SIGN_STYLE = Automatic;
				CURRENT_PROJECT_VERSION = 1;
				GENERATE_INFOPLIST_FILE = YES;
				IPHONEOS_DEPLOYMENT_TARGET = 15.5;
				MARKETING_VERSION = 1.0;
				PRODUCT_BUNDLE_IDENTIFIER = com.krishna.collectiontempTests;
				PRODUCT_NAME = "$(TARGET_NAME)";
				SWIFT_EMIT_LOC_STRINGS = NO;
				SWIFT_VERSION = 5.0;
				TARGETED_DEVICE_FAMILY = "1,2";
				TEST_HOST = "$(BUILT_PRODUCTS_DIR)/collectiontemp.app/collectiontemp";
			};
			name = Release;
		};
		6BBC75C828A2D69D007F85A1 /* Debug */ = {
			isa = XCBuildConfiguration;
			buildSettings = {
				ALWAYS_EMBED_SWIFT_STANDARD_LIBRARIES = YES;
				CODE_SIGN_STYLE = Automatic;
				CURRENT_PROJECT_VERSION = 1;
				GENERATE_INFOPLIST_FILE = YES;
				MARKETING_VERSION = 1.0;
				PRODUCT_BUNDLE_IDENTIFIER = com.krishna.collectiontempUITests;
				PRODUCT_NAME = "$(TARGET_NAME)";
				SWIFT_EMIT_LOC_STRINGS = NO;
				SWIFT_VERSION = 5.0;
				TARGETED_DEVICE_FAMILY = "1,2";
				TEST_TARGET_NAME = collectiontemp;
			};
			name = Debug;
		};
		6BBC75C928A2D69D007F85A1 /* Release */ = {
			isa = XCBuildConfiguration;
			buildSettings = {
				ALWAYS_EMBED_SWIFT_STANDARD_LIBRARIES = YES;
				CODE_SIGN_STYLE = Automatic;
				CURRENT_PROJECT_VERSION = 1;
				GENERATE_INFOPLIST_FILE = YES;
				MARKETING_VERSION = 1.0;
				PRODUCT_BUNDLE_IDENTIFIER = com.krishna.collectiontempUITests;
				PRODUCT_NAME = "$(TARGET_NAME)";
				SWIFT_EMIT_LOC_STRINGS = NO;
				SWIFT_VERSION = 5.0;
				TARGETED_DEVICE_FAMILY = "1,2";
				TEST_TARGET_NAME = collectiontemp;
			};
			name = Release;
		};
/* End XCBuildConfiguration section */

/* Begin XCConfigurationList section */
		6BBC759228A2D690007F85A1 /* Build configuration list for PBXProject "collectiontemp" */ = {
			isa = XCConfigurationList;
			buildConfigurations = (
				6BBC75BF28A2D69D007F85A1 /* Debug */,
				6BBC75C028A2D69D007F85A1 /* Release */,
			);
			defaultConfigurationIsVisible = 0;
			defaultConfigurationName = Release;
		};
		6BBC75C128A2D69D007F85A1 /* Build configuration list for PBXNativeTarget "collectiontemp" */ = {
			isa = XCConfigurationList;
			buildConfigurations = (
				6BBC75C228A2D69D007F85A1 /* Debug */,
				6BBC75C328A2D69D007F85A1 /* Release */,
			);
			defaultConfigurationIsVisible = 0;
			defaultConfigurationName = Release;
		};
		6BBC75C428A2D69D007F85A1 /* Build configuration list for PBXNativeTarget "collectiontempTests" */ = {
			isa = XCConfigurationList;
			buildConfigurations = (
				6BBC75C528A2D69D007F85A1 /* Debug */,
				6BBC75C628A2D69D007F85A1 /* Release */,
			);
			defaultConfigurationIsVisible = 0;
			defaultConfigurationName = Release;
		};
		6BBC75C728A2D69D007F85A1 /* Build configuration list for PBXNativeTarget "collectiontempUITests" */ = {
			isa = XCConfigurationList;
			buildConfigurations = (
				6BBC75C828A2D69D007F85A1 /* Debug */,
				6BBC75C928A2D69D007F85A1 /* Release */,
			);
			defaultConfigurationIsVisible = 0;
			defaultConfigurationName = Release;
		};
/* End XCConfigurationList section */
	};
	rootObject = 6BBC758F28A2D690007F85A1 /* Project object */;
}
